// !$*UTF8*$!
{
	archiveVersion = 1;
	classes = {
	};
	objectVersion = 50;
	objects = {

/* Begin PBXBuildFile section */
		D112AAEC2550D27400AB8C66 /* AppDelegate.swift in Sources */ = {isa = PBXBuildFile; fileRef = D112AAEB2550D27400AB8C66 /* AppDelegate.swift */; };
		D112AAEE2550D27400AB8C66 /* SceneDelegate.swift in Sources */ = {isa = PBXBuildFile; fileRef = D112AAED2550D27400AB8C66 /* SceneDelegate.swift */; };
		D112AAF32550D27400AB8C66 /* Main.storyboard in Resources */ = {isa = PBXBuildFile; fileRef = D112AAF12550D27400AB8C66 /* Main.storyboard */; };
		D112AAF52550D27500AB8C66 /* Assets.xcassets in Resources */ = {isa = PBXBuildFile; fileRef = D112AAF42550D27500AB8C66 /* Assets.xcassets */; };
		D112AAF82550D27500AB8C66 /* LaunchScreen.storyboard in Resources */ = {isa = PBXBuildFile; fileRef = D112AAF62550D27500AB8C66 /* LaunchScreen.storyboard */; };
		D112AB052550D2EE00AB8C66 /* ContainerController.swift in Sources */ = {isa = PBXBuildFile; fileRef = D112AB042550D2EE00AB8C66 /* ContainerController.swift */; };
		D112AB082550D31400AB8C66 /* HomeController.swift in Sources */ = {isa = PBXBuildFile; fileRef = D112AB072550D31400AB8C66 /* HomeController.swift */; };
		D112AB0B2550D32C00AB8C66 /* MenuController.swift in Sources */ = {isa = PBXBuildFile; fileRef = D112AB0A2550D32C00AB8C66 /* MenuController.swift */; };
		D112AB0F2551944700AB8C66 /* Protocols.swift in Sources */ = {isa = PBXBuildFile; fileRef = D112AB0E2551944700AB8C66 /* Protocols.swift */; };
		D112AB1225519E8500AB8C66 /* MenuOptionCell.swift in Sources */ = {isa = PBXBuildFile; fileRef = D112AB1125519E8500AB8C66 /* MenuOptionCell.swift */; };
		D112AB152551C61100AB8C66 /* MenuOption.swift in Sources */ = {isa = PBXBuildFile; fileRef = D112AB142551C61100AB8C66 /* MenuOption.swift */; };
		D112AB1925520B6800AB8C66 /* SettingsController.swift in Sources */ = {isa = PBXBuildFile; fileRef = D112AB1825520B6800AB8C66 /* SettingsController.swift */; };
/* End PBXBuildFile section */

/* Begin PBXFileReference section */
		D112AAE82550D27400AB8C66 /* SideMenu.app */ = {isa = PBXFileReference; explicitFileType = wrapper.application; includeInIndex = 0; path = SideMenu.app; sourceTree = BUILT_PRODUCTS_DIR; };
		D112AAEB2550D27400AB8C66 /* AppDelegate.swift */ = {isa = PBXFileReference; lastKnownFileType = sourcecode.swift; path = AppDelegate.swift; sourceTree = "<group>"; };
		D112AAED2550D27400AB8C66 /* SceneDelegate.swift */ = {isa = PBXFileReference; lastKnownFileType = sourcecode.swift; path = SceneDelegate.swift; sourceTree = "<group>"; };
		D112AAF22550D27400AB8C66 /* Base */ = {isa = PBXFileReference; lastKnownFileType = file.storyboard; name = Base; path = Base.lproj/Main.storyboard; sourceTree = "<group>"; };
		D112AAF42550D27500AB8C66 /* Assets.xcassets */ = {isa = PBXFileReference; lastKnownFileType = folder.assetcatalog; path = Assets.xcassets; sourceTree = "<group>"; };
		D112AAF72550D27500AB8C66 /* Base */ = {isa = PBXFileReference; lastKnownFileType = file.storyboard; name = Base; path = Base.lproj/LaunchScreen.storyboard; sourceTree = "<group>"; };
		D112AAF92550D27500AB8C66 /* Info.plist */ = {isa = PBXFileReference; lastKnownFileType = text.plist.xml; path = Info.plist; sourceTree = "<group>"; };
		D112AB042550D2EE00AB8C66 /* ContainerController.swift */ = {isa = PBXFileReference; lastKnownFileType = sourcecode.swift; path = ContainerController.swift; sourceTree = "<group>"; };
		D112AB072550D31400AB8C66 /* HomeController.swift */ = {isa = PBXFileReference; lastKnownFileType = sourcecode.swift; path = HomeController.swift; sourceTree = "<group>"; };
		D112AB0A2550D32C00AB8C66 /* MenuController.swift */ = {isa = PBXFileReference; lastKnownFileType = sourcecode.swift; path = MenuController.swift; sourceTree = "<group>"; };
		D112AB0E2551944700AB8C66 /* Protocols.swift */ = {isa = PBXFileReference; lastKnownFileType = sourcecode.swift; path = Protocols.swift; sourceTree = "<group>"; };
		D112AB1125519E8500AB8C66 /* MenuOptionCell.swift */ = {isa = PBXFileReference; lastKnownFileType = sourcecode.swift; path = MenuOptionCell.swift; sourceTree = "<group>"; };
		D112AB142551C61100AB8C66 /* MenuOption.swift */ = {isa = PBXFileReference; lastKnownFileType = sourcecode.swift; path = MenuOption.swift; sourceTree = "<group>"; };
		D112AB1825520B6800AB8C66 /* SettingsController.swift */ = {isa = PBXFileReference; lastKnownFileType = sourcecode.swift; path = SettingsController.swift; sourceTree = "<group>"; };
/* End PBXFileReference section */

/* Begin PBXFrameworksBuildPhase section */
		D112AAE52550D27400AB8C66 /* Frameworks */ = {
			isa = PBXFrameworksBuildPhase;
			buildActionMask = 2147483647;
			files = (
			);
			runOnlyForDeploymentPostprocessing = 0;
		};
/* End PBXFrameworksBuildPhase section */

/* Begin PBXGroup section */
		D112AADF2550D27400AB8C66 = {
			isa = PBXGroup;
			children = (
				D112AAEA2550D27400AB8C66 /* SideMenu */,
				D112AAE92550D27400AB8C66 /* Products */,
			);
			sourceTree = "<group>";
		};
		D112AAE92550D27400AB8C66 /* Products */ = {
			isa = PBXGroup;
			children = (
				D112AAE82550D27400AB8C66 /* SideMenu.app */,
			);
			name = Products;
			sourceTree = "<group>";
		};
		D112AAEA2550D27400AB8C66 /* SideMenu */ = {
			isa = PBXGroup;
			children = (
				D112AB032550D29800AB8C66 /* Utils */,
				D112AB022550D29500AB8C66 /* View */,
				D112AB012550D28B00AB8C66 /* Model */,
				D112AB002550D28800AB8C66 /* Controller */,
				D112AAEB2550D27400AB8C66 /* AppDelegate.swift */,
				D112AAED2550D27400AB8C66 /* SceneDelegate.swift */,
				D112AAF12550D27400AB8C66 /* Main.storyboard */,
				D112AAF42550D27500AB8C66 /* Assets.xcassets */,
				D112AAF62550D27500AB8C66 /* LaunchScreen.storyboard */,
				D112AAF92550D27500AB8C66 /* Info.plist */,
			);
			path = SideMenu;
			sourceTree = "<group>";
		};
		D112AB002550D28800AB8C66 /* Controller */ = {
			isa = PBXGroup;
			children = (
				D112AB042550D2EE00AB8C66 /* ContainerController.swift */,
				D112AB072550D31400AB8C66 /* HomeController.swift */,
				D112AB0A2550D32C00AB8C66 /* MenuController.swift */,
				D112AB1825520B6800AB8C66 /* SettingsController.swift */,
			);
			path = Controller;
			sourceTree = "<group>";
		};
		D112AB012550D28B00AB8C66 /* Model */ = {
			isa = PBXGroup;
			children = (
				D112AB142551C61100AB8C66 /* MenuOption.swift */,
			);
			path = Model;
			sourceTree = "<group>";
		};
		D112AB022550D29500AB8C66 /* View */ = {
			isa = PBXGroup;
			children = (
				D112AB1125519E8500AB8C66 /* MenuOptionCell.swift */,
			);
			path = View;
			sourceTree = "<group>";
		};
		D112AB032550D29800AB8C66 /* Utils */ = {
			isa = PBXGroup;
			children = (
				D112AB0E2551944700AB8C66 /* Protocols.swift */,
			);
			path = Utils;
			sourceTree = "<group>";
		};
/* End PBXGroup section */

/* Begin PBXNativeTarget section */
		D112AAE72550D27400AB8C66 /* SideMenu */ = {
			isa = PBXNativeTarget;
			buildConfigurationList = D112AAFC2550D27500AB8C66 /* Build configuration list for PBXNativeTarget "SideMenu" */;
			buildPhases = (
				D112AAE42550D27400AB8C66 /* Sources */,
				D112AAE52550D27400AB8C66 /* Frameworks */,
				D112AAE62550D27400AB8C66 /* Resources */,
			);
			buildRules = (
			);
			dependencies = (
			);
			name = SideMenu;
			productName = SideMenu;
			productReference = D112AAE82550D27400AB8C66 /* SideMenu.app */;
			productType = "com.apple.product-type.application";
		};
/* End PBXNativeTarget section */

/* Begin PBXProject section */
		D112AAE02550D27400AB8C66 /* Project object */ = {
			isa = PBXProject;
			attributes = {
				LastSwiftUpdateCheck = 1210;
				LastUpgradeCheck = 1210;
				TargetAttributes = {
					D112AAE72550D27400AB8C66 = {
						CreatedOnToolsVersion = 12.1;
					};
				};
			};
			buildConfigurationList = D112AAE32550D27400AB8C66 /* Build configuration list for PBXProject "SideMenu" */;
			compatibilityVersion = "Xcode 9.3";
			developmentRegion = en;
			hasScannedForEncodings = 0;
			knownRegions = (
				en,
				Base,
			);
			mainGroup = D112AADF2550D27400AB8C66;
			productRefGroup = D112AAE92550D27400AB8C66 /* Products */;
			projectDirPath = "";
			projectRoot = "";
			targets = (
				D112AAE72550D27400AB8C66 /* SideMenu */,
			);
		};
/* End PBXProject section */

/* Begin PBXResourcesBuildPhase section */
		D112AAE62550D27400AB8C66 /* Resources */ = {
			isa = PBXResourcesBuildPhase;
			buildActionMask = 2147483647;
			files = (
				D112AAF82550D27500AB8C66 /* LaunchScreen.storyboard in Resources */,
				D112AAF52550D27500AB8C66 /* Assets.xcassets in Resources */,
				D112AAF32550D27400AB8C66 /* Main.storyboard in Resources */,
			);
			runOnlyForDeploymentPostprocessing = 0;
		};
/* End PBXResourcesBuildPhase section */

/* Begin PBXSourcesBuildPhase section */
		D112AAE42550D27400AB8C66 /* Sources */ = {
			isa = PBXSourcesBuildPhase;
			buildActionMask = 2147483647;
			files = (
				D112AB1925520B6800AB8C66 /* SettingsController.swift in Sources */,
				D112AB1225519E8500AB8C66 /* MenuOptionCell.swift in Sources */,
				D112AAEC2550D27400AB8C66 /* AppDelegate.swift in Sources */,
				D112AAEE2550D27400AB8C66 /* SceneDelegate.swift in Sources */,
				D112AB052550D2EE00AB8C66 /* ContainerController.swift in Sources */,
				D112AB0F2551944700AB8C66 /* Protocols.swift in Sources */,
				D112AB152551C61100AB8C66 /* MenuOption.swift in Sources */,
				D112AB0B2550D32C00AB8C66 /* MenuController.swift in Sources */,
				D112AB082550D31400AB8C66 /* HomeController.swift in Sources */,
			);
			runOnlyForDeploymentPostprocessing = 0;
		};
/* End PBXSourcesBuildPhase section */

/* Begin PBXVariantGroup section */
		D112AAF12550D27400AB8C66 /* Main.storyboard */ = {
			isa = PBXVariantGroup;
			children = (
				D112AAF22550D27400AB8C66 /* Base */,
			);
			name = Main.storyboard;
			sourceTree = "<group>";
		};
		D112AAF62550D27500AB8C66 /* LaunchScreen.storyboard */ = {
			isa = PBXVariantGroup;
			children = (
				D112AAF72550D27500AB8C66 /* Base */,
			);
			name = LaunchScreen.storyboard;
			sourceTree = "<group>";
		};
/* End PBXVariantGroup section */

/* Begin XCBuildConfiguration section */
		D112AAFA2550D27500AB8C66 /* Debug */ = {
			isa = XCBuildConfiguration;
			buildSettings = {
				ALWAYS_SEARCH_USER_PATHS = NO;
				CLANG_ANALYZER_NONNULL = YES;
				CLANG_ANALYZER_NUMBER_OBJECT_CONVERSION = YES_AGGRESSIVE;
				CLANG_CXX_LANGUAGE_STANDARD = "gnu++14";
				CLANG_CXX_LIBRARY = "libc++";
				CLANG_ENABLE_MODULES = YES;
				CLANG_ENABLE_OBJC_ARC = YES;
				CLANG_ENABLE_OBJC_WEAK = YES;
				CLANG_WARN_BLOCK_CAPTURE_AUTORELEASING = YES;
				CLANG_WARN_BOOL_CONVERSION = YES;
				CLANG_WARN_COMMA = YES;
				CLANG_WARN_CONSTANT_CONVERSION = YES;
				CLANG_WARN_DEPRECATED_OBJC_IMPLEMENTATIONS = YES;
				CLANG_WARN_DIRECT_OBJC_ISA_USAGE = YES_ERROR;
				CLANG_WARN_DOCUMENTATION_COMMENTS = YES;
				CLANG_WARN_EMPTY_BODY = YES;
				CLANG_WARN_ENUM_CONVERSION = YES;
				CLANG_WARN_INFINITE_RECURSION = YES;
				CLANG_WARN_INT_CONVERSION = YES;
				CLANG_WARN_NON_LITERAL_NULL_CONVERSION = YES;
				CLANG_WARN_OBJC_IMPLICIT_RETAIN_SELF = YES;
				CLANG_WARN_OBJC_LITERAL_CONVERSION = YES;
				CLANG_WARN_OBJC_ROOT_CLASS = YES_ERROR;
				CLANG_WARN_QUOTED_INCLUDE_IN_FRAMEWORK_HEADER = YES;
				CLANG_WARN_RANGE_LOOP_ANALYSIS = YES;
				CLANG_WARN_STRICT_PROTOTYPES = YES;
				CLANG_WARN_SUSPICIOUS_MOVE = YES;
				CLANG_WARN_UNGUARDED_AVAILABILITY = YES_AGGRESSIVE;
				CLANG_WARN_UNREACHABLE_CODE = YES;
				CLANG_WARN__DUPLICATE_METHOD_MATCH = YES;
				COPY_PHASE_STRIP = NO;
				DEBUG_INFORMATION_FORMAT = dwarf;
				ENABLE_STRICT_OBJC_MSGSEND = YES;
				ENABLE_TESTABILITY = YES;
				GCC_C_LANGUAGE_STANDARD = gnu11;
				GCC_DYNAMIC_NO_PIC = NO;
				GCC_NO_COMMON_BLOCKS = YES;
				GCC_OPTIMIZATION_LEVEL = 0;
				GCC_PREPROCESSOR_DEFINITIONS = (
					"DEBUG=1",
					"$(inherited)",
				);
				GCC_WARN_64_TO_32_BIT_CONVERSION = YES;
				GCC_WARN_ABOUT_RETURN_TYPE = YES_ERROR;
				GCC_WARN_UNDECLARED_SELECTOR = YES;
				GCC_WARN_UNINITIALIZED_AUTOS = YES_AGGRESSIVE;
				GCC_WARN_UNUSED_FUNCTION = YES;
				GCC_WARN_UNUSED_VARIABLE = YES;
				IPHONEOS_DEPLOYMENT_TARGET = 14.1;
				MTL_ENABLE_DEBUG_INFO = INCLUDE_SOURCE;
				MTL_FAST_MATH = YES;
				ONLY_ACTIVE_ARCH = YES;
				SDKROOT = iphoneos;
				SWIFT_ACTIVE_COMPILATION_CONDITIONS = DEBUG;
				SWIFT_OPTIMIZATION_LEVEL = "-Onone";
			};
			name = Debug;
		};
		D112AAFB2550D27500AB8C66 /* Release */ = {
			isa = XCBuildConfiguration;
			buildSettings = {
				ALWAYS_SEARCH_USER_PATHS = NO;
				CLANG_ANALYZER_NONNULL = YES;
				CLANG_ANALYZER_NUMBER_OBJECT_CONVERSION = YES_AGGRESSIVE;
				CLANG_CXX_LANGUAGE_STANDARD = "gnu++14";
				CLANG_CXX_LIBRARY = "libc++";
				CLANG_ENABLE_MODULES = YES;
				CLANG_ENABLE_OBJC_ARC = YES;
				CLANG_ENABLE_OBJC_WEAK = YES;
				CLANG_WARN_BLOCK_CAPTURE_AUTORELEASING = YES;
				CLANG_WARN_BOOL_CONVERSION = YES;
				CLANG_WARN_COMMA = YES;
				CLANG_WARN_CONSTANT_CONVERSION = YES;
				CLANG_WARN_DEPRECATED_OBJC_IMPLEMENTATIONS = YES;
				CLANG_WARN_DIRECT_OBJC_ISA_USAGE = YES_ERROR;
				CLANG_WARN_DOCUMENTATION_COMMENTS = YES;
				CLANG_WARN_EMPTY_BODY = YES;
				CLANG_WARN_ENUM_CONVERSION = YES;
				CLANG_WARN_INFINITE_RECURSION = YES;
				CLANG_WARN_INT_CONVERSION = YES;
				CLANG_WARN_NON_LITERAL_NULL_CONVERSION = YES;
				CLANG_WARN_OBJC_IMPLICIT_RETAIN_SELF = YES;
				CLANG_WARN_OBJC_LITERAL_CONVERSION = YES;
				CLANG_WARN_OBJC_ROOT_CLASS = YES_ERROR;
				CLANG_WARN_QUOTED_INCLUDE_IN_FRAMEWORK_HEADER = YES;
				CLANG_WARN_RANGE_LOOP_ANALYSIS = YES;
				CLANG_WARN_STRICT_PROTOTYPES = YES;
				CLANG_WARN_SUSPICIOUS_MOVE = YES;
				CLANG_WARN_UNGUARDED_AVAILABILITY = YES_AGGRESSIVE;
				CLANG_WARN_UNREACHABLE_CODE = YES;
				CLANG_WARN__DUPLICATE_METHOD_MATCH = YES;
				COPY_PHASE_STRIP = NO;
				DEBUG_INFORMATION_FORMAT = "dwarf-with-dsym";
				ENABLE_NS_ASSERTIONS = NO;
				ENABLE_STRICT_OBJC_MSGSEND = YES;
				GCC_C_LANGUAGE_STANDARD = gnu11;
				GCC_NO_COMMON_BLOCKS = YES;
				GCC_WARN_64_TO_32_BIT_CONVERSION = YES;
				GCC_WARN_ABOUT_RETURN_TYPE = YES_ERROR;
				GCC_WARN_UNDECLARED_SELECTOR = YES;
				GCC_WARN_UNINITIALIZED_AUTOS = YES_AGGRESSIVE;
				GCC_WARN_UNUSED_FUNCTION = YES;
				GCC_WARN_UNUSED_VARIABLE = YES;
				IPHONEOS_DEPLOYMENT_TARGET = 14.1;
				MTL_ENABLE_DEBUG_INFO = NO;
				MTL_FAST_MATH = YES;
				SDKROOT = iphoneos;
				SWIFT_COMPILATION_MODE = wholemodule;
				SWIFT_OPTIMIZATION_LEVEL = "-O";
				VALIDATE_PRODUCT = YES;
			};
			name = Release;
		};
		D112AAFD2550D27500AB8C66 /* Debug */ = {
			isa = XCBuildConfiguration;
			buildSettings = {
				ASSETCATALOG_COMPILER_APPICON_NAME = AppIcon;
				ASSETCATALOG_COMPILER_GLOBAL_ACCENT_COLOR_NAME = AccentColor;
				CODE_SIGN_STYLE = Automatic;
				DEVELOPMENT_TEAM = Z56UVR5Q3Z;
				INFOPLIST_FILE = SideMenu/Info.plist;
				LD_RUNPATH_SEARCH_PATHS = (
					"$(inherited)",
					"@executable_path/Frameworks",
				);
				PRODUCT_BUNDLE_IDENTIFIER = com.justynakowalkowska.SideMenu;
				PRODUCT_NAME = "$(TARGET_NAME)";
				SWIFT_VERSION = 5.0;
				TARGETED_DEVICE_FAMILY = "1,2";
			};
			name = Debug;
		};
		D112AAFE2550D27500AB8C66 /* Release */ = {
			isa = XCBuildConfiguration;
			buildSettings = {
				ASSETCATALOG_COMPILER_APPICON_NAME = AppIcon;
				ASSETCATALOG_COMPILER_GLOBAL_ACCENT_COLOR_NAME = AccentColor;
				CODE_SIGN_STYLE = Automatic;
				DEVELOPMENT_TEAM = Z56UVR5Q3Z;
				INFOPLIST_FILE = SideMenu/Info.plist;
				LD_RUNPATH_SEARCH_PATHS = (
					"$(inherited)",
					"@executable_path/Frameworks",
				);
				PRODUCT_BUNDLE_IDENTIFIER = com.justynakowalkowska.SideMenu;
				PRODUCT_NAME = "$(TARGET_NAME)";
				SWIFT_VERSION = 5.0;
				TARGETED_DEVICE_FAMILY = "1,2";
			};
			name = Release;
		};
/* End XCBuildConfiguration section */

/* Begin XCConfigurationList section */
		D112AAE32550D27400AB8C66 /* Build configuration list for PBXProject "SideMenu" */ = {
			isa = XCConfigurationList;
			buildConfigurations = (
				D112AAFA2550D27500AB8C66 /* Debug */,
				D112AAFB2550D27500AB8C66 /* Release */,
			);
			defaultConfigurationIsVisible = 0;
			defaultConfigurationName = Release;
		};
		D112AAFC2550D27500AB8C66 /* Build configuration list for PBXNativeTarget "SideMenu" */ = {
			isa = XCConfigurationList;
			buildConfigurations = (
				D112AAFD2550D27500AB8C66 /* Debug */,
				D112AAFE2550D27500AB8C66 /* Release */,
			);
			defaultConfigurationIsVisible = 0;
			defaultConfigurationName = Release;
		};
/* End XCConfigurationList section */
	};
	rootObject = D112AAE02550D27400AB8C66 /* Project object */;
}
